Microsoft Visual Studio Solution File, Format Version 12.00
# Visual Studio 2012
Project("{FAE04EC0-301F-11D3-BF4B-00C04F79EFBC}") = "FubuTransportation", "FubuTransportation\FubuTransportation.csproj", "{23FDB1CE-1EC5-4D1B-B3E5-008A439CAA13}"
EndProject
Project("{FAE04EC0-301F-11D3-BF4B-00C04F79EFBC}") = "FubuTransportation.Testing", "FubuTransportation.Testing\FubuTransportation.Testing.csproj", "{0196722C-FDEF-4C0E-AFDC-4867F75F770D}"
EndProject
Project("{FAE04EC0-301F-11D3-BF4B-00C04F79EFBC}") = "FubuTransportation.LightningQueues", "FubuTransportation.LightningQueues\FubuTransportation.LightningQueues.csproj", "{F151167C-4736-4C67-9697-7876574C05D0}"
EndProject
Project("{FAE04EC0-301F-11D3-BF4B-00C04F79EFBC}") = "FubuTransportation.LightningQueues.Testing", "FubuTransportation.LightningQueues.Testing\FubuTransportation.LightningQueues.Testing.csproj", "{289E231C-190E-4595-BD10-4007CA10CEE2}"
EndProject
Project("{FAE04EC0-301F-11D3-BF4B-00C04F79EFBC}") = "TestMessages", "TestMessages\TestMessages.csproj", "{3735A25A-28B6-4DA3-A4CF-7606538E0155}"
EndProject
Project("{FAE04EC0-301F-11D3-BF4B-00C04F79EFBC}") = "DiagnosticsHarness", "DiagnosticsHarness\DiagnosticsHarness.csproj", "{5A9E17DD-A8E3-4ABD-AC6C-9A6A97F6CDA9}"
EndProject
Project("{FAE04EC0-301F-11D3-BF4B-00C04F79EFBC}") = "FubuTransportation.Docs", "FubuTransportation.Docs\FubuTransportation.Docs.csproj", "{9A3BEBDD-1F8C-44B2-B507-34FD5CCEEED1}"
EndProject
Global
	GlobalSection(SolutionConfigurationPlatforms) = preSolution
		Debug|Any CPU = Debug|Any CPU
		Release|Any CPU = Release|Any CPU
	EndGlobalSection
	GlobalSection(ProjectConfigurationPlatforms) = postSolution
		{23FDB1CE-1EC5-4D1B-B3E5-008A439CAA13}.Debug|Any CPU.ActiveCfg = Debug|Any CPU
		{23FDB1CE-1EC5-4D1B-B3E5-008A439CAA13}.Debug|Any CPU.Build.0 = Debug|Any CPU
		{23FDB1CE-1EC5-4D1B-B3E5-008A439CAA13}.Release|Any CPU.ActiveCfg = Release|Any CPU
		{23FDB1CE-1EC5-4D1B-B3E5-008A439CAA13}.Release|Any CPU.Build.0 = Release|Any CPU
		{0196722C-FDEF-4C0E-AFDC-4867F75F770D}.Debug|Any CPU.ActiveCfg = Debug|Any CPU
		{0196722C-FDEF-4C0E-AFDC-4867F75F770D}.Debug|Any CPU.Build.0 = Debug|Any CPU
		{0196722C-FDEF-4C0E-AFDC-4867F75F770D}.Release|Any CPU.ActiveCfg = Release|Any CPU
		{0196722C-FDEF-4C0E-AFDC-4867F75F770D}.Release|Any CPU.Build.0 = Release|Any CPU
		{F151167C-4736-4C67-9697-7876574C05D0}.Debug|Any CPU.ActiveCfg = Debug|Any CPU
		{F151167C-4736-4C67-9697-7876574C05D0}.Debug|Any CPU.Build.0 = Debug|Any CPU
		{F151167C-4736-4C67-9697-7876574C05D0}.Release|Any CPU.ActiveCfg = Release|Any CPU
		{F151167C-4736-4C67-9697-7876574C05D0}.Release|Any CPU.Build.0 = Release|Any CPU
		{289E231C-190E-4595-BD10-4007CA10CEE2}.Debug|Any CPU.ActiveCfg = Debug|Any CPU
		{289E231C-190E-4595-BD10-4007CA10CEE2}.Debug|Any CPU.Build.0 = Debug|Any CPU
		{289E231C-190E-4595-BD10-4007CA10CEE2}.Release|Any CPU.ActiveCfg = Release|Any CPU
		{289E231C-190E-4595-BD10-4007CA10CEE2}.Release|Any CPU.Build.0 = Release|Any CPU
		{3735A25A-28B6-4DA3-A4CF-7606538E0155}.Debug|Any CPU.ActiveCfg = Debug|Any CPU
		{3735A25A-28B6-4DA3-A4CF-7606538E0155}.Debug|Any CPU.Build.0 = Debug|Any CPU
		{3735A25A-28B6-4DA3-A4CF-7606538E0155}.Release|Any CPU.ActiveCfg = Release|Any CPU
		{3735A25A-28B6-4DA3-A4CF-7606538E0155}.Release|Any CPU.Build.0 = Release|Any CPU
		{5A9E17DD-A8E3-4ABD-AC6C-9A6A97F6CDA9}.Debug|Any CPU.ActiveCfg = Debug|Any CPU
		{5A9E17DD-A8E3-4ABD-AC6C-9A6A97F6CDA9}.Debug|Any CPU.Build.0 = Debug|Any CPU
		{5A9E17DD-A8E3-4ABD-AC6C-9A6A97F6CDA9}.Release|Any CPU.ActiveCfg = Release|Any CPU
		{5A9E17DD-A8E3-4ABD-AC6C-9A6A97F6CDA9}.Release|Any CPU.Build.0 = Release|Any CPU
		{9A3BEBDD-1F8C-44B2-B507-34FD5CCEEED1}.Debug|Any CPU.ActiveCfg = Debug|Any CPU
		{9A3BEBDD-1F8C-44B2-B507-34FD5CCEEED1}.Debug|Any CPU.Build.0 = Debug|Any CPU
		{9A3BEBDD-1F8C-44B2-B507-34FD5CCEEED1}.Release|Any CPU.ActiveCfg = Release|Any CPU
		{9A3BEBDD-1F8C-44B2-B507-34FD5CCEEED1}.Release|Any CPU.Build.0 = Release|Any CPU
	EndGlobalSection
	GlobalSection(SolutionProperties) = preSolution
		HideSolutionNode = FALSE
	EndGlobalSection
EndGlobal
